
Microsoft Visual Studio Solution File, Format Version 12.00
# Visual Studio 15
Project("{FAE04EC0-301F-11D3-BF4B-00C04F79EFBC}") = "Assembly-CSharp", "Assembly-CSharp.csproj", "{B58C52D5-6D52-AAC0-A2DD-460D32299CDE}"
EndProject
Project("{FAE04EC0-301F-11D3-BF4B-00C04F79EFBC}") = "Assembly-CSharp-Editor", "Assembly-CSharp-Editor.csproj", "{12A04243-06F3-5849-F4D0-CEC6EAD80238}"
EndProject
Global
	GlobalSection(SolutionConfigurationPlatforms) = preSolution
		Debug|Any CPU = Debug|Any CPU
		Release|Any CPU = Release|Any CPU
	EndGlobalSection
	GlobalSection(ProjectConfigurationPlatforms) = postSolution
		{B58C52D5-6D52-AAC0-A2DD-460D32299CDE}.Debug|Any CPU.ActiveCfg = Debug|Any CPU
		{B58C52D5-6D52-AAC0-A2DD-460D32299CDE}.Debug|Any CPU.Build.0 = Debug|Any CPU
		{B58C52D5-6D52-AAC0-A2DD-460D32299CDE}.Release|Any CPU.ActiveCfg = Release|Any CPU
		{B58C52D5-6D52-AAC0-A2DD-460D32299CDE}.Release|Any CPU.Build.0 = Release|Any CPU
		{12A04243-06F3-5849-F4D0-CEC6EAD80238}.Debug|Any CPU.ActiveCfg = Debug|Any CPU
		{12A04243-06F3-5849-F4D0-CEC6EAD80238}.Debug|Any CPU.Build.0 = Debug|Any CPU
		{12A04243-06F3-5849-F4D0-CEC6EAD80238}.Release|Any CPU.ActiveCfg = Release|Any CPU
		{12A04243-06F3-5849-F4D0-CEC6EAD80238}.Release|Any CPU.Build.0 = Release|Any CPU
	EndGlobalSection
	GlobalSection(SolutionProperties) = preSolution
		HideSolutionNode = FALSE
	EndGlobalSection
EndGlobal
